{
  "lockfileVersion": 1,
  "configVersion": 1,
  "workspaces": {
    "": {
      "name": "vqafromscratch",
      "dependencies": {
        "@duckdb/node-api": "^1.5.1-r.1",
      },
    },
  },
  "packages": {
    "@duckdb/node-api": ["@duckdb/node-api@1.5.1-r.1", "", { "dependencies": { "@duckdb/node-bindings": "1.5.1-r.1" } }, "sha512-8U8p44ZL4rJtUrgVaSLm2hOMk3XTwEgs5eJoxYiR6iQXKVEr8vi6z3Vrxhb61g9sgsEZIAmckD7e3zZ1lmPHYA=="],

    "@duckdb/node-bindings": ["@duckdb/node-bindings@1.5.1-r.1", "", { "optionalDependencies": { "@duckdb/node-bindings-darwin-arm64": "1.5.1-r.1", "@duckdb/node-bindings-darwin-x64": "1.5.1-r.1", "@duckdb/node-bindings-linux-arm64": "1.5.1-r.1", "@duckdb/node-bindings-linux-x64": "1.5.1-r.1", "@duckdb/node-bindings-win32-arm64": "1.5.1-r.1", "@duckdb/node-bindings-win32-x64": "1.5.1-r.1" } }, "sha512-3vmIlY/ACTLutlMup4F+D2Gzo+kiUoMaIL4TvM4x34cMqnKfsZ+4lMjqfSKYmdcgNGXYXwPwIYaJlvMRhU3Tbg=="],

    "@duckdb/node-bindings-darwin-arm64": ["@duckdb/node-bindings-darwin-arm64@1.5.1-r.1", "", { "os": "darwin", "cpu": "arm64" }, "sha512-vm0Q/P8/OB/ZDITNTUe80emlg0b7/EcqTPBRu4GmULbt/fFDtkEAjDHDblKZL1yazf7X6JFEabHBGuWL5jmjEw=="],

    "@duckdb/node-bindings-darwin-x64": ["@duckdb/node-bindings-darwin-x64@1.5.1-r.1", "", { "os": "darwin", "cpu": "x64" }, "sha512-GOKWYbOP1v5jppGjlCaQzvyzVnY8/dGd7UJcnT213uiSMq/mtQk2yvzZCPhq7UdxmqR0TSd+TKttpozd8ANyOQ=="],

    "@duckdb/node-bindings-linux-arm64": ["@duckdb/node-bindings-linux-arm64@1.5.1-r.1", "", { "os": "linux", "cpu": "arm64" }, "sha512-b0tHCtC+GZnD6gJA+ldUwy8FhnugR1Uq0/LjLiusOQOoK5pRXyfiQjgIe/SiKSeE5iEr+FWUXEprSD81HOaaQg=="],

    "@duckdb/node-bindings-linux-x64": ["@duckdb/node-bindings-linux-x64@1.5.1-r.1", "", { "os": "linux", "cpu": "x64" }, "sha512-AczM4qyMuMXHIa7w1YacIu6FFPpwzUsQSkPUFKsAJzyuRcxAlGEwt+2GnVZSACGQFpKbL9nAkuu3Icq6ttxwag=="],

    "@duckdb/node-bindings-win32-arm64": ["@duckdb/node-bindings-win32-arm64@1.5.1-r.1", "", { "os": "win32", "cpu": "arm64" }, "sha512-SrgAiFttkfFXCCAMrmMBWtnBMtEjVaC38XtG6zEdbvmp2RTEPo/dFcvRP75vS/Hm5Iq8Tgiuoq4tIdovwEw5yg=="],

    "@duckdb/node-bindings-win32-x64": ["@duckdb/node-bindings-win32-x64@1.5.1-r.1", "", { "os": "win32", "cpu": "x64" }, "sha512-JkL9xvXx9i8ceU1fGJsb9gqgRn30RFi0HyfpuESK2AZInKx5mJn8fvYcj4AQg/Ip9SZ1S4a2Jh5DOFY81koubw=="],
  }
}
